
Microsoft Visual Studio Solution File, Format Version 12.00
# Visual Studio Version 17
VisualStudioVersion = 17.14.36221.1
MinimumVisualStudioVersion = 10.0.40219.1
Project("{FAE04EC0-301F-11D3-BF4B-00C04F79EFBC}") = "CommunityAbp.UserNotifications", "src\CommunityAbp.UserNotifications\CommunityAbp.UserNotifications.csproj", "{9F34C3C5-15BA-4E7B-84A7-FA3416C06D0F}"
EndProject
Project("{FAE04EC0-301F-11D3-BF4B-00C04F79EFBC}") = "CommunityAbp.UserNotifications.Sse", "src\CommunityAbp.UserNotifications.Sse\CommunityAbp.UserNotifications.Sse.csproj", "{67ECC80A-AB8A-404B-BEE4-3E5B8284D321}"
EndProject
Project("{FAE04EC0-301F-11D3-BF4B-00C04F79EFBC}") = "CommunityAbp.UserNotifications.SignalR", "src\CommunityAbp.UserNotifications.SignalR\CommunityAbp.UserNotifications.SignalR.csproj", "{01EBAAF9-3917-4754-81FA-080106F94586}"
EndProject
Project("{2150E333-8FDC-42A3-9474-1A3956D46DE8}") = "libs", "libs", "{6C4D298B-81FB-2B6B-5AB6-46205EDDC72C}"
EndProject
Project("{2150E333-8FDC-42A3-9474-1A3956D46DE8}") = "samples", "samples", "{5D20AA90-6969-D8BD-9DCD-8634F4692FDA}"
EndProject
Project("{FAE04EC0-301F-11D3-BF4B-00C04F79EFBC}") = "UserNotifySseDemo", "src\samples\UserNotifySseDemo\UserNotifySseDemo.csproj", "{80C6B5C2-F4D5-8551-EC8F-9FCA440AE81E}"
EndProject
Project("{FAE04EC0-301F-11D3-BF4B-00C04F79EFBC}") = "UserNotifySignalRDemo", "src\samples\UserNotifySignalRDemo\UserNotifySignalRDemo.csproj", "{7291DC36-3C5E-F7E4-BDC3-313BD0D3C88E}"
EndProject
Project("{2150E333-8FDC-42A3-9474-1A3956D46DE8}") = "Solution Items", "Solution Items", "{089100B1-113F-4E66-888A-E83F3999EAFD}"
	ProjectSection(SolutionItems) = preProject
		.editorconfig = .editorconfig
		.gitignore = .gitignore
		common.props = common.props
		NuGet.Config = NuGet.Config
	EndProjectSection
EndProject
Global
	GlobalSection(SolutionConfigurationPlatforms) = preSolution
		Debug|Any CPU = Debug|Any CPU
		Release|Any CPU = Release|Any CPU
	EndGlobalSection
	GlobalSection(ProjectConfigurationPlatforms) = postSolution
		{9F34C3C5-15BA-4E7B-84A7-FA3416C06D0F}.Debug|Any CPU.ActiveCfg = Debug|Any CPU
		{9F34C3C5-15BA-4E7B-84A7-FA3416C06D0F}.Debug|Any CPU.Build.0 = Debug|Any CPU
		{9F34C3C5-15BA-4E7B-84A7-FA3416C06D0F}.Release|Any CPU.ActiveCfg = Release|Any CPU
		{9F34C3C5-15BA-4E7B-84A7-FA3416C06D0F}.Release|Any CPU.Build.0 = Release|Any CPU
		{67ECC80A-AB8A-404B-BEE4-3E5B8284D321}.Debug|Any CPU.ActiveCfg = Debug|Any CPU
		{67ECC80A-AB8A-404B-BEE4-3E5B8284D321}.Debug|Any CPU.Build.0 = Debug|Any CPU
		{67ECC80A-AB8A-404B-BEE4-3E5B8284D321}.Release|Any CPU.ActiveCfg = Release|Any CPU
		{67ECC80A-AB8A-404B-BEE4-3E5B8284D321}.Release|Any CPU.Build.0 = Release|Any CPU
		{01EBAAF9-3917-4754-81FA-080106F94586}.Debug|Any CPU.ActiveCfg = Debug|Any CPU
		{01EBAAF9-3917-4754-81FA-080106F94586}.Debug|Any CPU.Build.0 = Debug|Any CPU
		{01EBAAF9-3917-4754-81FA-080106F94586}.Release|Any CPU.ActiveCfg = Release|Any CPU
		{01EBAAF9-3917-4754-81FA-080106F94586}.Release|Any CPU.Build.0 = Release|Any CPU
		{80C6B5C2-F4D5-8551-EC8F-9FCA440AE81E}.Debug|Any CPU.ActiveCfg = Debug|Any CPU
		{80C6B5C2-F4D5-8551-EC8F-9FCA440AE81E}.Debug|Any CPU.Build.0 = Debug|Any CPU
		{80C6B5C2-F4D5-8551-EC8F-9FCA440AE81E}.Release|Any CPU.ActiveCfg = Release|Any CPU
		{80C6B5C2-F4D5-8551-EC8F-9FCA440AE81E}.Release|Any CPU.Build.0 = Release|Any CPU
		{7291DC36-3C5E-F7E4-BDC3-313BD0D3C88E}.Debug|Any CPU.ActiveCfg = Debug|Any CPU
		{7291DC36-3C5E-F7E4-BDC3-313BD0D3C88E}.Debug|Any CPU.Build.0 = Debug|Any CPU
		{7291DC36-3C5E-F7E4-BDC3-313BD0D3C88E}.Release|Any CPU.ActiveCfg = Release|Any CPU
		{7291DC36-3C5E-F7E4-BDC3-313BD0D3C88E}.Release|Any CPU.Build.0 = Release|Any CPU
	EndGlobalSection
	GlobalSection(SolutionProperties) = preSolution
		HideSolutionNode = FALSE
	EndGlobalSection
	GlobalSection(NestedProjects) = preSolution
		{9F34C3C5-15BA-4E7B-84A7-FA3416C06D0F} = {6C4D298B-81FB-2B6B-5AB6-46205EDDC72C}
		{67ECC80A-AB8A-404B-BEE4-3E5B8284D321} = {6C4D298B-81FB-2B6B-5AB6-46205EDDC72C}
		{01EBAAF9-3917-4754-81FA-080106F94586} = {6C4D298B-81FB-2B6B-5AB6-46205EDDC72C}
		{80C6B5C2-F4D5-8551-EC8F-9FCA440AE81E} = {5D20AA90-6969-D8BD-9DCD-8634F4692FDA}
		{7291DC36-3C5E-F7E4-BDC3-313BD0D3C88E} = {5D20AA90-6969-D8BD-9DCD-8634F4692FDA}
	EndGlobalSection
	GlobalSection(ExtensibilityGlobals) = postSolution
		SolutionGuid = {439EB13F-EEDF-47EE-AE8F-5BAC8C3061BF}
	EndGlobalSection
EndGlobal
