
Microsoft Visual Studio Solution File, Format Version 12.00
# Visual Studio Version 17
VisualStudioVersion = 17.14.36221.1
MinimumVisualStudioVersion = 10.0.40219.1
Project("{FAE04EC0-301F-11D3-BF4B-00C04F79EFBC}") = "CommunityAbp.UserNotifications", "src\CommunityAbp.UserNotifications\CommunityAbp.UserNotifications.csproj", "{9F34C3C5-15BA-4E7B-84A7-FA3416C06D0F}"
EndProject
Project("{FAE04EC0-301F-11D3-BF4B-00C04F79EFBC}") = "CommunityAbp.UserNotifications.Sse", "src\CommunityAbp.UserNotifications.Sse\CommunityAbp.UserNotifications.Sse.csproj", "{67ECC80A-AB8A-404B-BEE4-3E5B8284D321}"
EndProject
Project("{FAE04EC0-301F-11D3-BF4B-00C04F79EFBC}") = "CommunityAbp.UserNotifications.SignalR", "src\CommunityAbp.UserNotifications.SignalR\CommunityAbp.UserNotifications.SignalR.csproj", "{01EBAAF9-3917-4754-81FA-080106F94586}"
EndProject
Project("{2150E333-8FDC-42A3-9474-1A3956D46DE8}") = "libs", "libs", "{6C4D298B-81FB-2B6B-5AB6-46205EDDC72C}"
EndProject
Project("{2150E333-8FDC-42A3-9474-1A3956D46DE8}") = "sample", "sample", "{4F9DEAE5-078F-E77A-2E4A-FEB6FFE226FF}"
EndProject
Project("{2150E333-8FDC-42A3-9474-1A3956D46DE8}") = "Solution Items", "Solution Items", "{089100B1-113F-4E66-888A-E83F3999EAFD}"
	ProjectSection(SolutionItems) = preProject
		.editorconfig = .editorconfig
		.gitignore = .gitignore
		common.props = common.props
		NuGet.Config = NuGet.Config
		README.md = README.md
	EndProjectSection
EndProject
Project("{FAE04EC0-301F-11D3-BF4B-00C04F79EFBC}") = "UserNotifyDemo", "src\UserNotifyDemo\UserNotifyDemo.csproj", "{DFF25121-38E7-5C10-84B3-FF97A533ABBA}"
EndProject
Global
	GlobalSection(SolutionConfigurationPlatforms) = preSolution
		Debug|Any CPU = Debug|Any CPU
		Release|Any CPU = Release|Any CPU
	EndGlobalSection
	GlobalSection(ProjectConfigurationPlatforms) = postSolution
		{9F34C3C5-15BA-4E7B-84A7-FA3416C06D0F}.Debug|Any CPU.ActiveCfg = Debug|Any CPU
		{9F34C3C5-15BA-4E7B-84A7-FA3416C06D0F}.Debug|Any CPU.Build.0 = Debug|Any CPU
		{9F34C3C5-15BA-4E7B-84A7-FA3416C06D0F}.Release|Any CPU.ActiveCfg = Release|Any CPU
		{9F34C3C5-15BA-4E7B-84A7-FA3416C06D0F}.Release|Any CPU.Build.0 = Release|Any CPU
		{67ECC80A-AB8A-404B-BEE4-3E5B8284D321}.Debug|Any CPU.ActiveCfg = Debug|Any CPU
		{67ECC80A-AB8A-404B-BEE4-3E5B8284D321}.Debug|Any CPU.Build.0 = Debug|Any CPU
		{67ECC80A-AB8A-404B-BEE4-3E5B8284D321}.Release|Any CPU.ActiveCfg = Release|Any CPU
		{67ECC80A-AB8A-404B-BEE4-3E5B8284D321}.Release|Any CPU.Build.0 = Release|Any CPU
		{01EBAAF9-3917-4754-81FA-080106F94586}.Debug|Any CPU.ActiveCfg = Debug|Any CPU
		{01EBAAF9-3917-4754-81FA-080106F94586}.Debug|Any CPU.Build.0 = Debug|Any CPU
		{01EBAAF9-3917-4754-81FA-080106F94586}.Release|Any CPU.ActiveCfg = Release|Any CPU
		{01EBAAF9-3917-4754-81FA-080106F94586}.Release|Any CPU.Build.0 = Release|Any CPU
		{DFF25121-38E7-5C10-84B3-FF97A533ABBA}.Debug|Any CPU.ActiveCfg = Debug|Any CPU
		{DFF25121-38E7-5C10-84B3-FF97A533ABBA}.Debug|Any CPU.Build.0 = Debug|Any CPU
		{DFF25121-38E7-5C10-84B3-FF97A533ABBA}.Release|Any CPU.ActiveCfg = Release|Any CPU
		{DFF25121-38E7-5C10-84B3-FF97A533ABBA}.Release|Any CPU.Build.0 = Release|Any CPU
	EndGlobalSection
	GlobalSection(SolutionProperties) = preSolution
		HideSolutionNode = FALSE
	EndGlobalSection
	GlobalSection(NestedProjects) = preSolution
		{9F34C3C5-15BA-4E7B-84A7-FA3416C06D0F} = {6C4D298B-81FB-2B6B-5AB6-46205EDDC72C}
		{67ECC80A-AB8A-404B-BEE4-3E5B8284D321} = {6C4D298B-81FB-2B6B-5AB6-46205EDDC72C}
		{01EBAAF9-3917-4754-81FA-080106F94586} = {6C4D298B-81FB-2B6B-5AB6-46205EDDC72C}
		{DFF25121-38E7-5C10-84B3-FF97A533ABBA} = {4F9DEAE5-078F-E77A-2E4A-FEB6FFE226FF}
	EndGlobalSection
	GlobalSection(ExtensibilityGlobals) = postSolution
		SolutionGuid = {439EB13F-EEDF-47EE-AE8F-5BAC8C3061BF}
	EndGlobalSection
EndGlobal
